// !$*UTF8*$!
{
	archiveVersion = 1;
	classes = {
	};
	objectVersion = 51;
	objects = {

/* Begin PBXBuildFile section */
		0933E110225E33C300B19B86 /* MedicineViewController.swift in Sources */ = {isa = PBXBuildFile; fileRef = 0933E10F225E33C300B19B86 /* MedicineViewController.swift */; };
		093B7D122277720400DB4344 /* ChildInfoViewController.swift in Sources */ = {isa = PBXBuildFile; fileRef = 093B7D112277720400DB4344 /* ChildInfoViewController.swift */; };
		093B7D142277763500DB4344 /* ChildrenViewController.swift in Sources */ = {isa = PBXBuildFile; fileRef = 093B7D132277763500DB4344 /* ChildrenViewController.swift */; };
		0944683B229D1EB700429743 /* ActionViewSleep.swift in Sources */ = {isa = PBXBuildFile; fileRef = 0944683A229D1EB700429743 /* ActionViewSleep.swift */; };
		0944683D229D829F00429743 /* ChartsViewController.swift in Sources */ = {isa = PBXBuildFile; fileRef = 0944683C229D829F00429743 /* ChartsViewController.swift */; };
		0944683F229D937600429743 /* SegmentedSleepViewController.swift in Sources */ = {isa = PBXBuildFile; fileRef = 0944683E229D937600429743 /* SegmentedSleepViewController.swift */; };
		09446841229EF74800429743 /* CustomCellHistorySleep.swift in Sources */ = {isa = PBXBuildFile; fileRef = 09446840229EF74800429743 /* CustomCellHistorySleep.swift */; };
		09446843229EF81E00429743 /* HistorySleepViewController.swift in Sources */ = {isa = PBXBuildFile; fileRef = 09446842229EF81E00429743 /* HistorySleepViewController.swift */; };
		09446845229FBD8F00429743 /* PercentilViewController.swift in Sources */ = {isa = PBXBuildFile; fileRef = 09446844229FBD8F00429743 /* PercentilViewController.swift */; };
		09446847229FDF1600429743 /* ActionViewPercentil.swift in Sources */ = {isa = PBXBuildFile; fileRef = 09446846229FDF1600429743 /* ActionViewPercentil.swift */; };
		0947AA24228DA78E00FB9303 /* CalculatorCell.swift in Sources */ = {isa = PBXBuildFile; fileRef = 0947AA23228DA78E00FB9303 /* CalculatorCell.swift */; };
		0947AA2822903A7D00FB9303 /* MedicationDoseCalculated.swift in Sources */ = {isa = PBXBuildFile; fileRef = 0947AA2722903A7D00FB9303 /* MedicationDoseCalculated.swift */; };
		0947AA2A2290466D00FB9303 /* HistoryDosesViewController.swift in Sources */ = {isa = PBXBuildFile; fileRef = 0947AA292290466D00FB9303 /* HistoryDosesViewController.swift */; };
		0947AA2E22907D1800FB9303 /* CustomCellHistoryDose.swift in Sources */ = {isa = PBXBuildFile; fileRef = 0947AA2D22907D1800FB9303 /* CustomCellHistoryDose.swift */; };
		094D8E5C2295B68B00301698 /* SleepViewController.swift in Sources */ = {isa = PBXBuildFile; fileRef = 094D8E5B2295B68B00301698 /* SleepViewController.swift */; };
		094D8E602296DB1C00301698 /* CustomCellFever.swift in Sources */ = {isa = PBXBuildFile; fileRef = 094D8E5F2296DB1C00301698 /* CustomCellFever.swift */; };
		094D8E622297159200301698 /* TrackingViewController.swift in Sources */ = {isa = PBXBuildFile; fileRef = 094D8E612297159200301698 /* TrackingViewController.swift */; };
		094D8E6522972D6F00301698 /* DateCustom.swift in Sources */ = {isa = PBXBuildFile; fileRef = 094D8E6422972D6F00301698 /* DateCustom.swift */; };
		094D8E692297330200301698 /* SaveSleepViewController.swift in Sources */ = {isa = PBXBuildFile; fileRef = 094D8E682297330200301698 /* SaveSleepViewController.swift */; };
		094E486E2291574000AC5E10 /* SaveDoseViewController.swift in Sources */ = {isa = PBXBuildFile; fileRef = 094E486D2291574000AC5E10 /* SaveDoseViewController.swift */; };
		094E48702292EE1A00AC5E10 /* EditDosesViewController.swift in Sources */ = {isa = PBXBuildFile; fileRef = 094E486F2292EE1A00AC5E10 /* EditDosesViewController.swift */; };
		0990692F2279994100EB570C /* TextFieldTableViewCell.xib in Resources */ = {isa = PBXBuildFile; fileRef = 0990692B2279994100EB570C /* TextFieldTableViewCell.xib */; };
		099069312279A32D00EB570C /* TextFieldTableViewCell.swift in Sources */ = {isa = PBXBuildFile; fileRef = 099069302279A32C00EB570C /* TextFieldTableViewCell.swift */; };
		09A11BD02294640C00457A94 /* FeverViewController.swift in Sources */ = {isa = PBXBuildFile; fileRef = 09A11BCF2294640C00457A94 /* FeverViewController.swift */; };
		09A11BD22294645500457A94 /* Fever.swift in Sources */ = {isa = PBXBuildFile; fileRef = 09A11BD12294645500457A94 /* Fever.swift */; };
		09A11BD422946D2000457A94 /* SaveFeverViewController.swift in Sources */ = {isa = PBXBuildFile; fileRef = 09A11BD322946D2000457A94 /* SaveFeverViewController.swift */; };
		09B1EE9A22575192006DF813 /* AppDelegate.swift in Sources */ = {isa = PBXBuildFile; fileRef = 09B1EE9922575192006DF813 /* AppDelegate.swift */; };
		09B1EE9C22575192006DF813 /* HomeViewController.swift in Sources */ = {isa = PBXBuildFile; fileRef = 09B1EE9B22575192006DF813 /* HomeViewController.swift */; };
		09B1EEA322575194006DF813 /* Assets.xcassets in Resources */ = {isa = PBXBuildFile; fileRef = 09B1EEA222575194006DF813 /* Assets.xcassets */; };
		09B7D4E52284C03B00137544 /* CustomCellVaccine.swift in Sources */ = {isa = PBXBuildFile; fileRef = 09B7D4E42284C03B00137544 /* CustomCellVaccine.swift */; };
		09B7D4E72289CF5200137544 /* InfoVaccinesViewController.swift in Sources */ = {isa = PBXBuildFile; fileRef = 09B7D4E62289CF5200137544 /* InfoVaccinesViewController.swift */; };
		09B7D4E9228ABF7900137544 /* Medication.swift in Sources */ = {isa = PBXBuildFile; fileRef = 09B7D4E8228ABF7900137544 /* Medication.swift */; };
		09B7D4F0228B5D0200137544 /* QuartzCore.framework in Frameworks */ = {isa = PBXBuildFile; fileRef = 09B7D4EF228B5D0200137544 /* QuartzCore.framework */; };
		09B7D4F2228C183C00137544 /* MedicationViewController.swift in Sources */ = {isa = PBXBuildFile; fileRef = 09B7D4F1228C183C00137544 /* MedicationViewController.swift */; };
		09B7D4F6228C76A400137544 /* MedicationCalculatorViewController.swift in Sources */ = {isa = PBXBuildFile; fileRef = 09B7D4F5228C76A400137544 /* MedicationCalculatorViewController.swift */; };
		09B7D4FC228C7DCA00137544 /* MedicationTypesViewController.swift in Sources */ = {isa = PBXBuildFile; fileRef = 09B7D4FB228C7DCA00137544 /* MedicationTypesViewController.swift */; };
		09D35081225E121B0052BF88 /* (null) in Resources */ = {isa = PBXBuildFile; };
		09D35082225E121B0052BF88 /* (null) in Resources */ = {isa = PBXBuildFile; };
		09DDD2EE22C4B2C900EBD257 /* Main.storyboard in Resources */ = {isa = PBXBuildFile; fileRef = 09DDD2ED22C4B2C900EBD257 /* Main.storyboard */; };
		09DDD2F022C4B2D800EBD257 /* Launch Screen.storyboard in Resources */ = {isa = PBXBuildFile; fileRef = 09DDD2EF22C4B2D800EBD257 /* Launch Screen.storyboard */; };
		09E27C492265E07F0022EE1B /* CustomCellHome.swift in Sources */ = {isa = PBXBuildFile; fileRef = 09E27C472265E07F0022EE1B /* CustomCellHome.swift */; };
		09E27C4A2265E07F0022EE1B /* CustomCellHome.xib in Resources */ = {isa = PBXBuildFile; fileRef = 09E27C482265E07F0022EE1B /* CustomCellHome.xib */; };
		09E4B67322B02F8B00A3823C /* FeverChartViewController.swift in Sources */ = {isa = PBXBuildFile; fileRef = 09E4B67222B02F8B00A3823C /* FeverChartViewController.swift */; };
		09E4B67722B15A9900A3823C /* GrowthCell.swift in Sources */ = {isa = PBXBuildFile; fileRef = 09E4B67622B15A9900A3823C /* GrowthCell.swift */; };
		09E4B67922B39B6600A3823C /* GrowthChartViewController.swift in Sources */ = {isa = PBXBuildFile; fileRef = 09E4B67822B39B6600A3823C /* GrowthChartViewController.swift */; };
		09E4B67B22B39BAB00A3823C /* SaveGrowthViewController.swift in Sources */ = {isa = PBXBuildFile; fileRef = 09E4B67A22B39BAB00A3823C /* SaveGrowthViewController.swift */; };
		09E4B67D22B39BE500A3823C /* HistoryGrowthViewController.swift in Sources */ = {isa = PBXBuildFile; fileRef = 09E4B67C22B39BE500A3823C /* HistoryGrowthViewController.swift */; };
		09E4B67F22B39BF800A3823C /* Growth.swift in Sources */ = {isa = PBXBuildFile; fileRef = 09E4B67E22B39BF800A3823C /* Growth.swift */; };
		09E4B68D22B4208900A3823C /* MarkerChart.swift in Sources */ = {isa = PBXBuildFile; fileRef = 09E4B68C22B4208900A3823C /* MarkerChart.swift */; };
		09E4B69422BC0CC700A3823C /* MedicationDoseType.swift in Sources */ = {isa = PBXBuildFile; fileRef = 09E4B69322BC0CC700A3823C /* MedicationDoseType.swift */; };
		09E4B69622BC1FE200A3823C /* Child.swift in Sources */ = {isa = PBXBuildFile; fileRef = 09E4B69522BC1FE200A3823C /* Child.swift */; };
		09E4B69822BCCF9600A3823C /* Sleep.swift in Sources */ = {isa = PBXBuildFile; fileRef = 09E4B69722BCCF9600A3823C /* Sleep.swift */; };
		09F972FD22841EA8008FE28C /* Vaccine.swift in Sources */ = {isa = PBXBuildFile; fileRef = 09F972FC22841EA8008FE28C /* Vaccine.swift */; };
		09F972FF22841F2E008FE28C /* VaccineDose.swift in Sources */ = {isa = PBXBuildFile; fileRef = 09F972FE22841F2E008FE28C /* VaccineDose.swift */; };
		09F97301228421E4008FE28C /* VaccineViewController.swift in Sources */ = {isa = PBXBuildFile; fileRef = 09F97300228421E4008FE28C /* VaccineViewController.swift */; };
		A59CDA5688FFE8BA0E4850F0 /* Pods_ChildCare.framework in Frameworks */ = {isa = PBXBuildFile; fileRef = AC755955D858DA2193C59D51 /* Pods_ChildCare.framework */; };
/* End PBXBuildFile section */

/* Begin PBXCopyFilesBuildPhase section */
		09B1EEC4225B8A1E006DF813 /* Embed Frameworks */ = {
			isa = PBXCopyFilesBuildPhase;
			buildActionMask = 2147483647;
			dstPath = "";
			dstSubfolderSpec = 10;
			files = (
			);
			name = "Embed Frameworks";
			runOnlyForDeploymentPostprocessing = 0;
		};
/* End PBXCopyFilesBuildPhase section */

/* Begin PBXFileReference section */
		0933E10F225E33C300B19B86 /* MedicineViewController.swift */ = {isa = PBXFileReference; fileEncoding = 4; lastKnownFileType = sourcecode.swift; name = MedicineViewController.swift; path = "Health and Vaccines View Controllers/MedicineViewController.swift"; sourceTree = "<group>"; };
		093B7D112277720400DB4344 /* ChildInfoViewController.swift */ = {isa = PBXFileReference; lastKnownFileType = sourcecode.swift; path = ChildInfoViewController.swift; sourceTree = "<group>"; };
		093B7D132277763500DB4344 /* ChildrenViewController.swift */ = {isa = PBXFileReference; lastKnownFileType = sourcecode.swift; path = ChildrenViewController.swift; sourceTree = "<group>"; };
		0944683A229D1EB700429743 /* ActionViewSleep.swift */ = {isa = PBXFileReference; lastKnownFileType = sourcecode.swift; path = ActionViewSleep.swift; sourceTree = "<group>"; };
		0944683C229D829F00429743 /* ChartsViewController.swift */ = {isa = PBXFileReference; lastKnownFileType = sourcecode.swift; path = ChartsViewController.swift; sourceTree = "<group>"; };
		0944683E229D937600429743 /* SegmentedSleepViewController.swift */ = {isa = PBXFileReference; lastKnownFileType = sourcecode.swift; path = SegmentedSleepViewController.swift; sourceTree = "<group>"; };
		09446840229EF74800429743 /* CustomCellHistorySleep.swift */ = {isa = PBXFileReference; lastKnownFileType = sourcecode.swift; path = CustomCellHistorySleep.swift; sourceTree = "<group>"; };
		09446842229EF81E00429743 /* HistorySleepViewController.swift */ = {isa = PBXFileReference; lastKnownFileType = sourcecode.swift; path = HistorySleepViewController.swift; sourceTree = "<group>"; };
		09446844229FBD8F00429743 /* PercentilViewController.swift */ = {isa = PBXFileReference; lastKnownFileType = sourcecode.swift; path = PercentilViewController.swift; sourceTree = "<group>"; };
		09446846229FDF1600429743 /* ActionViewPercentil.swift */ = {isa = PBXFileReference; lastKnownFileType = sourcecode.swift; path = ActionViewPercentil.swift; sourceTree = "<group>"; };
		0947AA23228DA78E00FB9303 /* CalculatorCell.swift */ = {isa = PBXFileReference; lastKnownFileType = sourcecode.swift; path = CalculatorCell.swift; sourceTree = "<group>"; };
		0947AA2722903A7D00FB9303 /* MedicationDoseCalculated.swift */ = {isa = PBXFileReference; lastKnownFileType = sourcecode.swift; path = MedicationDoseCalculated.swift; sourceTree = "<group>"; };
		0947AA292290466D00FB9303 /* HistoryDosesViewController.swift */ = {isa = PBXFileReference; lastKnownFileType = sourcecode.swift; path = HistoryDosesViewController.swift; sourceTree = "<group>"; };
		0947AA2D22907D1800FB9303 /* CustomCellHistoryDose.swift */ = {isa = PBXFileReference; lastKnownFileType = sourcecode.swift; path = CustomCellHistoryDose.swift; sourceTree = "<group>"; };
		094D8E5B2295B68B00301698 /* SleepViewController.swift */ = {isa = PBXFileReference; lastKnownFileType = sourcecode.swift; path = SleepViewController.swift; sourceTree = "<group>"; };
		094D8E5F2296DB1C00301698 /* CustomCellFever.swift */ = {isa = PBXFileReference; lastKnownFileType = sourcecode.swift; path = CustomCellFever.swift; sourceTree = "<group>"; };
		094D8E612297159200301698 /* TrackingViewController.swift */ = {isa = PBXFileReference; lastKnownFileType = sourcecode.swift; path = TrackingViewController.swift; sourceTree = "<group>"; };
		094D8E6422972D6F00301698 /* DateCustom.swift */ = {isa = PBXFileReference; lastKnownFileType = sourcecode.swift; path = DateCustom.swift; sourceTree = "<group>"; };
		094D8E682297330200301698 /* SaveSleepViewController.swift */ = {isa = PBXFileReference; lastKnownFileType = sourcecode.swift; path = SaveSleepViewController.swift; sourceTree = "<group>"; };
		094E486D2291574000AC5E10 /* SaveDoseViewController.swift */ = {isa = PBXFileReference; lastKnownFileType = sourcecode.swift; path = SaveDoseViewController.swift; sourceTree = "<group>"; };
		094E486F2292EE1A00AC5E10 /* EditDosesViewController.swift */ = {isa = PBXFileReference; lastKnownFileType = sourcecode.swift; path = EditDosesViewController.swift; sourceTree = "<group>"; };
		0990692B2279994100EB570C /* TextFieldTableViewCell.xib */ = {isa = PBXFileReference; fileEncoding = 4; lastKnownFileType = file.xib; path = TextFieldTableViewCell.xib; sourceTree = "<group>"; };
		099069302279A32C00EB570C /* TextFieldTableViewCell.swift */ = {isa = PBXFileReference; fileEncoding = 4; lastKnownFileType = sourcecode.swift; path = TextFieldTableViewCell.swift; sourceTree = "<group>"; };
		09A11BCF2294640C00457A94 /* FeverViewController.swift */ = {isa = PBXFileReference; lastKnownFileType = sourcecode.swift; path = FeverViewController.swift; sourceTree = "<group>"; };
		09A11BD12294645500457A94 /* Fever.swift */ = {isa = PBXFileReference; lastKnownFileType = sourcecode.swift; path = Fever.swift; sourceTree = "<group>"; };
		09A11BD322946D2000457A94 /* SaveFeverViewController.swift */ = {isa = PBXFileReference; lastKnownFileType = sourcecode.swift; path = SaveFeverViewController.swift; sourceTree = "<group>"; };
		09B1EE9622575192006DF813 /* ChildCare.app */ = {isa = PBXFileReference; explicitFileType = wrapper.application; includeInIndex = 0; path = ChildCare.app; sourceTree = BUILT_PRODUCTS_DIR; };
		09B1EE9922575192006DF813 /* AppDelegate.swift */ = {isa = PBXFileReference; lastKnownFileType = sourcecode.swift; path = AppDelegate.swift; sourceTree = "<group>"; };
		09B1EE9B22575192006DF813 /* HomeViewController.swift */ = {isa = PBXFileReference; lastKnownFileType = sourcecode.swift; path = HomeViewController.swift; sourceTree = "<group>"; };
		09B1EEA222575194006DF813 /* Assets.xcassets */ = {isa = PBXFileReference; lastKnownFileType = folder.assetcatalog; path = Assets.xcassets; sourceTree = "<group>"; };
		09B1EEA722575194006DF813 /* Info.plist */ = {isa = PBXFileReference; lastKnownFileType = text.plist.xml; path = Info.plist; sourceTree = "<group>"; };
		09B7D4E42284C03B00137544 /* CustomCellVaccine.swift */ = {isa = PBXFileReference; lastKnownFileType = sourcecode.swift; path = CustomCellVaccine.swift; sourceTree = "<group>"; };
		09B7D4E62289CF5200137544 /* InfoVaccinesViewController.swift */ = {isa = PBXFileReference; lastKnownFileType = sourcecode.swift; name = InfoVaccinesViewController.swift; path = "Health and Vaccines View Controllers/InfoVaccinesViewController.swift"; sourceTree = "<group>"; };
		09B7D4E8228ABF7900137544 /* Medication.swift */ = {isa = PBXFileReference; lastKnownFileType = sourcecode.swift; path = Medication.swift; sourceTree = "<group>"; };
		09B7D4EF228B5D0200137544 /* QuartzCore.framework */ = {isa = PBXFileReference; lastKnownFileType = wrapper.framework; name = QuartzCore.framework; path = System/Library/Frameworks/QuartzCore.framework; sourceTree = SDKROOT; };
		09B7D4F1228C183C00137544 /* MedicationViewController.swift */ = {isa = PBXFileReference; lastKnownFileType = sourcecode.swift; path = MedicationViewController.swift; sourceTree = "<group>"; };
		09B7D4F5228C76A400137544 /* MedicationCalculatorViewController.swift */ = {isa = PBXFileReference; lastKnownFileType = sourcecode.swift; path = MedicationCalculatorViewController.swift; sourceTree = "<group>"; };
		09B7D4FB228C7DCA00137544 /* MedicationTypesViewController.swift */ = {isa = PBXFileReference; lastKnownFileType = sourcecode.swift; path = MedicationTypesViewController.swift; sourceTree = "<group>"; };
		09DDD2ED22C4B2C900EBD257 /* Main.storyboard */ = {isa = PBXFileReference; fileEncoding = 4; lastKnownFileType = file.storyboard; name = Main.storyboard; path = ChildCare/View/Main.storyboard; sourceTree = SOURCE_ROOT; };
		09DDD2EF22C4B2D800EBD257 /* Launch Screen.storyboard */ = {isa = PBXFileReference; fileEncoding = 4; lastKnownFileType = file.storyboard; name = "Launch Screen.storyboard"; path = "ChildCare/View/Launch Screen.storyboard"; sourceTree = SOURCE_ROOT; };
		09E27C472265E07F0022EE1B /* CustomCellHome.swift */ = {isa = PBXFileReference; fileEncoding = 4; lastKnownFileType = sourcecode.swift; path = CustomCellHome.swift; sourceTree = "<group>"; };
		09E27C482265E07F0022EE1B /* CustomCellHome.xib */ = {isa = PBXFileReference; fileEncoding = 4; lastKnownFileType = file.xib; path = CustomCellHome.xib; sourceTree = "<group>"; };
		09E4B67222B02F8B00A3823C /* FeverChartViewController.swift */ = {isa = PBXFileReference; lastKnownFileType = sourcecode.swift; path = FeverChartViewController.swift; sourceTree = "<group>"; };
		09E4B67622B15A9900A3823C /* GrowthCell.swift */ = {isa = PBXFileReference; lastKnownFileType = sourcecode.swift; path = GrowthCell.swift; sourceTree = "<group>"; };
		09E4B67822B39B6600A3823C /* GrowthChartViewController.swift */ = {isa = PBXFileReference; lastKnownFileType = sourcecode.swift; path = GrowthChartViewController.swift; sourceTree = "<group>"; };
		09E4B67A22B39BAB00A3823C /* SaveGrowthViewController.swift */ = {isa = PBXFileReference; lastKnownFileType = sourcecode.swift; path = SaveGrowthViewController.swift; sourceTree = "<group>"; };
		09E4B67C22B39BE500A3823C /* HistoryGrowthViewController.swift */ = {isa = PBXFileReference; lastKnownFileType = sourcecode.swift; path = HistoryGrowthViewController.swift; sourceTree = "<group>"; };
		09E4B67E22B39BF800A3823C /* Growth.swift */ = {isa = PBXFileReference; lastKnownFileType = sourcecode.swift; path = Growth.swift; sourceTree = "<group>"; };
		09E4B68C22B4208900A3823C /* MarkerChart.swift */ = {isa = PBXFileReference; lastKnownFileType = sourcecode.swift; path = MarkerChart.swift; sourceTree = "<group>"; };
		09E4B69322BC0CC700A3823C /* MedicationDoseType.swift */ = {isa = PBXFileReference; lastKnownFileType = sourcecode.swift; path = MedicationDoseType.swift; sourceTree = "<group>"; };
		09E4B69522BC1FE200A3823C /* Child.swift */ = {isa = PBXFileReference; lastKnownFileType = sourcecode.swift; path = Child.swift; sourceTree = "<group>"; };
		09E4B69722BCCF9600A3823C /* Sleep.swift */ = {isa = PBXFileReference; lastKnownFileType = sourcecode.swift; path = Sleep.swift; sourceTree = "<group>"; };
		09E4B69A22BD50C000A3823C /* ChildCare-Bridging-Header.h */ = {isa = PBXFileReference; lastKnownFileType = sourcecode.c.h; path = "ChildCare-Bridging-Header.h"; sourceTree = "<group>"; };
		09F972FC22841EA8008FE28C /* Vaccine.swift */ = {isa = PBXFileReference; lastKnownFileType = sourcecode.swift; path = Vaccine.swift; sourceTree = "<group>"; };
		09F972FE22841F2E008FE28C /* VaccineDose.swift */ = {isa = PBXFileReference; lastKnownFileType = sourcecode.swift; path = VaccineDose.swift; sourceTree = "<group>"; };
		09F97300228421E4008FE28C /* VaccineViewController.swift */ = {isa = PBXFileReference; lastKnownFileType = sourcecode.swift; name = VaccineViewController.swift; path = "Health and Vaccines View Controllers/VaccineViewController.swift"; sourceTree = "<group>"; };
		AC755955D858DA2193C59D51 /* Pods_ChildCare.framework */ = {isa = PBXFileReference; explicitFileType = wrapper.framework; includeInIndex = 0; path = Pods_ChildCare.framework; sourceTree = BUILT_PRODUCTS_DIR; };
		E313CEB4928D799FAFE1D805 /* Pods-ChildCare.debug.xcconfig */ = {isa = PBXFileReference; includeInIndex = 1; lastKnownFileType = text.xcconfig; name = "Pods-ChildCare.debug.xcconfig"; path = "Target Support Files/Pods-ChildCare/Pods-ChildCare.debug.xcconfig"; sourceTree = "<group>"; };
		EEE65746799CD6129025012D /* Pods-ChildCare.release.xcconfig */ = {isa = PBXFileReference; includeInIndex = 1; lastKnownFileType = text.xcconfig; name = "Pods-ChildCare.release.xcconfig"; path = "Target Support Files/Pods-ChildCare/Pods-ChildCare.release.xcconfig"; sourceTree = "<group>"; };
/* End PBXFileReference section */

/* Begin PBXFrameworksBuildPhase section */
		09B1EE9322575192006DF813 /* Frameworks */ = {
			isa = PBXFrameworksBuildPhase;
			buildActionMask = 2147483647;
			files = (
				09B7D4F0228B5D0200137544 /* QuartzCore.framework in Frameworks */,
				A59CDA5688FFE8BA0E4850F0 /* Pods_ChildCare.framework in Frameworks */,
			);
			runOnlyForDeploymentPostprocessing = 0;
		};
/* End PBXFrameworksBuildPhase section */

/* Begin PBXGroup section */
		093EDA492264F09000538860 /* Cell Upcoming Tasks */ = {
			isa = PBXGroup;
			children = (
				09E27C472265E07F0022EE1B /* CustomCellHome.swift */,
				09E27C482265E07F0022EE1B /* CustomCellHome.xib */,
			);
			path = "Cell Upcoming Tasks";
			sourceTree = "<group>";
		};
		0979C81D22C0ED360086D62A /* Storyboard */ = {
			isa = PBXGroup;
			children = (
				09DDD2EF22C4B2D800EBD257 /* Launch Screen.storyboard */,
				09DDD2ED22C4B2C900EBD257 /* Main.storyboard */,
			);
			name = Storyboard;
			path = "New Group/New Group";
			sourceTree = "<group>";
		};
		0979C81F22C13B8C0086D62A /* Growth View Controllers */ = {
			isa = PBXGroup;
			children = (
				09E4B67822B39B6600A3823C /* GrowthChartViewController.swift */,
				09E4B67C22B39BE500A3823C /* HistoryGrowthViewController.swift */,
				09E4B67A22B39BAB00A3823C /* SaveGrowthViewController.swift */,
			);
			name = "Growth View Controllers";
			sourceTree = "<group>";
		};
		0979C82122C201D90086D62A /* Medicine and Vaccines View Controllers */ = {
			isa = PBXGroup;
			children = (
				0933E10F225E33C300B19B86 /* MedicineViewController.swift */,
				09F97300228421E4008FE28C /* VaccineViewController.swift */,
				09B7D4E62289CF5200137544 /* InfoVaccinesViewController.swift */,
			);
			name = "Medicine and Vaccines View Controllers";
			sourceTree = "<group>";
		};
		09B1EE8D22575191006DF813 = {
			isa = PBXGroup;
			children = (
				09B1EE9822575192006DF813 /* ChildCare */,
				09B1EE9722575192006DF813 /* Products */,
				33E1B556E9004B5BCC37F87B /* Pods */,
				0C5DA4645302DE5FA8531D85 /* Frameworks */,
			);
			sourceTree = "<group>";
		};
		09B1EE9722575192006DF813 /* Products */ = {
			isa = PBXGroup;
			children = (
				09B1EE9622575192006DF813 /* ChildCare.app */,
			);
			name = Products;
			sourceTree = "<group>";
		};
		09B1EE9822575192006DF813 /* ChildCare */ = {
			isa = PBXGroup;
			children = (
				09B1EEC5225B8A77006DF813 /* Data Model */,
				09B1EEC6225B8A94006DF813 /* View */,
				09B1EEC8225B8AA4006DF813 /* Controller */,
				09B1EECA225B8B39006DF813 /* Supporting Files */,
			);
			path = ChildCare;
			sourceTree = "<group>";
		};
		09B1EEC5225B8A77006DF813 /* Data Model */ = {
			isa = PBXGroup;
			children = (
				09E4B69522BC1FE200A3823C /* Child.swift */,
				09F972FC22841EA8008FE28C /* Vaccine.swift */,
				09F972FE22841F2E008FE28C /* VaccineDose.swift */,
				09B7D4E8228ABF7900137544 /* Medication.swift */,
				09E4B69322BC0CC700A3823C /* MedicationDoseType.swift */,
				0947AA2722903A7D00FB9303 /* MedicationDoseCalculated.swift */,
				09A11BD12294645500457A94 /* Fever.swift */,
				09E4B67E22B39BF800A3823C /* Growth.swift */,
				09E4B69722BCCF9600A3823C /* Sleep.swift */,
				094D8E6422972D6F00301698 /* DateCustom.swift */,
			);
			path = "Data Model";
			sourceTree = "<group>";
		};
		09B1EEC6225B8A94006DF813 /* View */ = {
			isa = PBXGroup;
			children = (
				0979C81D22C0ED360086D62A /* Storyboard */,
				09E4B68622B39D9300A3823C /* TextField Cell */,
				093EDA492264F09000538860 /* Cell Upcoming Tasks */,
				09E4B68722B39DAC00A3823C /* Custom Cells */,
				09E4B68E22BA41D400A3823C /* Charts objects */,
			);
			path = View;
			sourceTree = "<group>";
		};
		09B1EEC8225B8AA4006DF813 /* Controller */ = {
			isa = PBXGroup;
			children = (
				09E4B68122B39CD300A3823C /* Home and Child View Controllers */,
				0979C82122C201D90086D62A /* Medicine and Vaccines View Controllers */,
				09E4B68222B39D1100A3823C /* Medication View Controllers */,
				09E4B68422B39D3A00A3823C /* Fever View Controllers */,
				09E4B68522B39D5700A3823C /* Tracking and Sleep View Controllers */,
				0979C81F22C13B8C0086D62A /* Growth View Controllers */,
			);
			path = Controller;
			sourceTree = "<group>";
		};
		09B1EECA225B8B39006DF813 /* Supporting Files */ = {
			isa = PBXGroup;
			children = (
				09B1EEA222575194006DF813 /* Assets.xcassets */,
				09B1EE9922575192006DF813 /* AppDelegate.swift */,
				09B1EEA722575194006DF813 /* Info.plist */,
				09E4B69A22BD50C000A3823C /* ChildCare-Bridging-Header.h */,
			);
			path = "Supporting Files";
			sourceTree = "<group>";
		};
		09E4B68122B39CD300A3823C /* Home and Child View Controllers */ = {
			isa = PBXGroup;
			children = (
				09B1EE9B22575192006DF813 /* HomeViewController.swift */,
				093B7D132277763500DB4344 /* ChildrenViewController.swift */,
				093B7D112277720400DB4344 /* ChildInfoViewController.swift */,
			);
			path = "Home and Child View Controllers";
			sourceTree = "<group>";
		};
		09E4B68222B39D1100A3823C /* Medication View Controllers */ = {
			isa = PBXGroup;
			children = (
				09B7D4F1228C183C00137544 /* MedicationViewController.swift */,
				09B7D4FB228C7DCA00137544 /* MedicationTypesViewController.swift */,
				09B7D4F5228C76A400137544 /* MedicationCalculatorViewController.swift */,
				094E486D2291574000AC5E10 /* SaveDoseViewController.swift */,
				0947AA292290466D00FB9303 /* HistoryDosesViewController.swift */,
				094E486F2292EE1A00AC5E10 /* EditDosesViewController.swift */,
			);
			path = "Medication View Controllers";
			sourceTree = "<group>";
		};
		09E4B68422B39D3A00A3823C /* Fever View Controllers */ = {
			isa = PBXGroup;
			children = (
				09A11BD322946D2000457A94 /* SaveFeverViewController.swift */,
				09E4B67222B02F8B00A3823C /* FeverChartViewController.swift */,
				09A11BCF2294640C00457A94 /* FeverViewController.swift */,
			);
			path = "Fever View Controllers";
			sourceTree = "<group>";
		};
		09E4B68522B39D5700A3823C /* Tracking and Sleep View Controllers */ = {
			isa = PBXGroup;
			children = (
				094D8E612297159200301698 /* TrackingViewController.swift */,
				0944683E229D937600429743 /* SegmentedSleepViewController.swift */,
				094D8E5B2295B68B00301698 /* SleepViewController.swift */,
				094D8E682297330200301698 /* SaveSleepViewController.swift */,
				0944683C229D829F00429743 /* ChartsViewController.swift */,
				09446842229EF81E00429743 /* HistorySleepViewController.swift */,
				09446844229FBD8F00429743 /* PercentilViewController.swift */,
			);
			path = "Tracking and Sleep View Controllers";
			sourceTree = "<group>";
		};
		09E4B68622B39D9300A3823C /* TextField Cell */ = {
			isa = PBXGroup;
			children = (
				0990692B2279994100EB570C /* TextFieldTableViewCell.xib */,
				099069302279A32C00EB570C /* TextFieldTableViewCell.swift */,
			);
			path = "TextField Cell";
			sourceTree = "<group>";
		};
		09E4B68722B39DAC00A3823C /* Custom Cells */ = {
			isa = PBXGroup;
			children = (
				0947AA23228DA78E00FB9303 /* CalculatorCell.swift */,
				09B7D4E42284C03B00137544 /* CustomCellVaccine.swift */,
				0947AA2D22907D1800FB9303 /* CustomCellHistoryDose.swift */,
				094D8E5F2296DB1C00301698 /* CustomCellFever.swift */,
				09446840229EF74800429743 /* CustomCellHistorySleep.swift */,
				09E4B67622B15A9900A3823C /* GrowthCell.swift */,
			);
			path = "Custom Cells";
			sourceTree = "<group>";
		};
		09E4B68E22BA41D400A3823C /* Charts objects */ = {
			isa = PBXGroup;
			children = (
				09E4B68C22B4208900A3823C /* MarkerChart.swift */,
				09446846229FDF1600429743 /* ActionViewPercentil.swift */,
				0944683A229D1EB700429743 /* ActionViewSleep.swift */,
			);
			path = "Charts objects";
			sourceTree = "<group>";
		};
		0C5DA4645302DE5FA8531D85 /* Frameworks */ = {
			isa = PBXGroup;
			children = (
				09B7D4EF228B5D0200137544 /* QuartzCore.framework */,
				AC755955D858DA2193C59D51 /* Pods_ChildCare.framework */,
			);
			name = Frameworks;
			sourceTree = "<group>";
		};
		33E1B556E9004B5BCC37F87B /* Pods */ = {
			isa = PBXGroup;
			children = (
				E313CEB4928D799FAFE1D805 /* Pods-ChildCare.debug.xcconfig */,
				EEE65746799CD6129025012D /* Pods-ChildCare.release.xcconfig */,
			);
			path = Pods;
			sourceTree = "<group>";
		};
/* End PBXGroup section */

/* Begin PBXNativeTarget section */
		09B1EE9522575192006DF813 /* ChildCare */ = {
			isa = PBXNativeTarget;
			buildConfigurationList = 09B1EEAA22575194006DF813 /* Build configuration list for PBXNativeTarget "ChildCare" */;
			buildPhases = (
				3772B28E21AAA3C4B6B20215 /* [CP] Check Pods Manifest.lock */,
				09B1EE9222575192006DF813 /* Sources */,
				09B1EE9322575192006DF813 /* Frameworks */,
				09B1EE9422575192006DF813 /* Resources */,
				09B1EEC4225B8A1E006DF813 /* Embed Frameworks */,
				23F374A5B07B0D1DC81646C2 /* [CP] Embed Pods Frameworks */,
			);
			buildRules = (
			);
			dependencies = (
			);
			name = ChildCare;
			productName = Babydoc;
			productReference = 09B1EE9622575192006DF813 /* ChildCare.app */;
			productType = "com.apple.product-type.application";
		};
/* End PBXNativeTarget section */

/* Begin PBXProject section */
		09B1EE8E22575191006DF813 /* Project object */ = {
			isa = PBXProject;
			attributes = {
				LastSwiftUpdateCheck = 1020;
				LastUpgradeCheck = 1020;
				ORGANIZATIONNAME = "Luchi Parejo alcazar";
				TargetAttributes = {
					09B1EE9522575192006DF813 = {
						CreatedOnToolsVersion = 10.2;
					};
				};
			};
			buildConfigurationList = 09B1EE9122575191006DF813 /* Build configuration list for PBXProject "ChildCare" */;
			compatibilityVersion = "Xcode 9.3";
			developmentRegion = en;
			hasScannedForEncodings = 0;
			knownRegions = (
				en,
				Base,
			);
			mainGroup = 09B1EE8D22575191006DF813;
			productRefGroup = 09B1EE9722575192006DF813 /* Products */;
			projectDirPath = "";
			projectRoot = "";
			targets = (
				09B1EE9522575192006DF813 /* ChildCare */,
			);
		};
/* End PBXProject section */

/* Begin PBXResourcesBuildPhase section */
		09B1EE9422575192006DF813 /* Resources */ = {
			isa = PBXResourcesBuildPhase;
			buildActionMask = 2147483647;
			files = (
				09E27C4A2265E07F0022EE1B /* CustomCellHome.xib in Resources */,
				09D35082225E121B0052BF88 /* (null) in Resources */,
				09B1EEA322575194006DF813 /* Assets.xcassets in Resources */,
				09DDD2F022C4B2D800EBD257 /* Launch Screen.storyboard in Resources */,
				09DDD2EE22C4B2C900EBD257 /* Main.storyboard in Resources */,
				09D35081225E121B0052BF88 /* (null) in Resources */,
				0990692F2279994100EB570C /* TextFieldTableViewCell.xib in Resources */,
			);
			runOnlyForDeploymentPostprocessing = 0;
		};
/* End PBXResourcesBuildPhase section */

/* Begin PBXShellScriptBuildPhase section */
		23F374A5B07B0D1DC81646C2 /* [CP] Embed Pods Frameworks */ = {
			isa = PBXShellScriptBuildPhase;
			buildActionMask = 2147483647;
			files = (
			);
			inputFileListPaths = (
				"${PODS_ROOT}/Target Support Files/Pods-ChildCare/Pods-ChildCare-frameworks-${CONFIGURATION}-input-files.xcfilelist",
			);
			name = "[CP] Embed Pods Frameworks";
			outputFileListPaths = (
				"${PODS_ROOT}/Target Support Files/Pods-ChildCare/Pods-ChildCare-frameworks-${CONFIGURATION}-output-files.xcfilelist",
			);
			runOnlyForDeploymentPostprocessing = 0;
			shellPath = /bin/sh;
			shellScript = "\"${PODS_ROOT}/Target Support Files/Pods-ChildCare/Pods-ChildCare-frameworks.sh\"\n";
			showEnvVarsInLog = 0;
		};
		3772B28E21AAA3C4B6B20215 /* [CP] Check Pods Manifest.lock */ = {
			isa = PBXShellScriptBuildPhase;
			buildActionMask = 2147483647;
			files = (
			);
			inputFileListPaths = (
			);
			inputPaths = (
				"${PODS_PODFILE_DIR_PATH}/Podfile.lock",
				"${PODS_ROOT}/Manifest.lock",
			);
			name = "[CP] Check Pods Manifest.lock";
			outputFileListPaths = (
			);
			outputPaths = (
				"$(DERIVED_FILE_DIR)/Pods-ChildCare-checkManifestLockResult.txt",
			);
			runOnlyForDeploymentPostprocessing = 0;
			shellPath = /bin/sh;
			shellScript = "diff \"${PODS_PODFILE_DIR_PATH}/Podfile.lock\" \"${PODS_ROOT}/Manifest.lock\" > /dev/null\nif [ $? != 0 ] ; then\n    # print error to STDERR\n    echo \"error: The sandbox is not in sync with the Podfile.lock. Run 'pod install' or update your CocoaPods installation.\" >&2\n    exit 1\nfi\n# This output is used by Xcode 'outputs' to avoid re-running this script phase.\necho \"SUCCESS\" > \"${SCRIPT_OUTPUT_FILE_0}\"\n";
			showEnvVarsInLog = 0;
		};
/* End PBXShellScriptBuildPhase section */

/* Begin PBXSourcesBuildPhase section */
		09B1EE9222575192006DF813 /* Sources */ = {
			isa = PBXSourcesBuildPhase;
			buildActionMask = 2147483647;
			files = (
				094D8E602296DB1C00301698 /* CustomCellFever.swift in Sources */,
				09E4B69622BC1FE200A3823C /* Child.swift in Sources */,
				09F97301228421E4008FE28C /* VaccineViewController.swift in Sources */,
				093B7D122277720400DB4344 /* ChildInfoViewController.swift in Sources */,
				09B7D4F2228C183C00137544 /* MedicationViewController.swift in Sources */,
				09B7D4E9228ABF7900137544 /* Medication.swift in Sources */,
				09446845229FBD8F00429743 /* PercentilViewController.swift in Sources */,
				09B7D4E72289CF5200137544 /* InfoVaccinesViewController.swift in Sources */,
				09E4B67F22B39BF800A3823C /* Growth.swift in Sources */,
				09A11BD02294640C00457A94 /* FeverViewController.swift in Sources */,
				09B1EE9A22575192006DF813 /* AppDelegate.swift in Sources */,
				09B7D4F6228C76A400137544 /* MedicationCalculatorViewController.swift in Sources */,
				09446847229FDF1600429743 /* ActionViewPercentil.swift in Sources */,
				099069312279A32D00EB570C /* TextFieldTableViewCell.swift in Sources */,
				094D8E5C2295B68B00301698 /* SleepViewController.swift in Sources */,
				09E4B69822BCCF9600A3823C /* Sleep.swift in Sources */,
				09E4B67D22B39BE500A3823C /* HistoryGrowthViewController.swift in Sources */,
				0947AA24228DA78E00FB9303 /* CalculatorCell.swift in Sources */,
				094E486E2291574000AC5E10 /* SaveDoseViewController.swift in Sources */,
				0947AA2E22907D1800FB9303 /* CustomCellHistoryDose.swift in Sources */,
				094D8E692297330200301698 /* SaveSleepViewController.swift in Sources */,
				09446843229EF81E00429743 /* HistorySleepViewController.swift in Sources */,
				09E4B67B22B39BAB00A3823C /* SaveGrowthViewController.swift in Sources */,
				0947AA2A2290466D00FB9303 /* HistoryDosesViewController.swift in Sources */,
				09E4B67722B15A9900A3823C /* GrowthCell.swift in Sources */,
				09A11BD22294645500457A94 /* Fever.swift in Sources */,
				0944683F229D937600429743 /* SegmentedSleepViewController.swift in Sources */,
				09B1EE9C22575192006DF813 /* HomeViewController.swift in Sources */,
				094D8E622297159200301698 /* TrackingViewController.swift in Sources */,
				0944683D229D829F00429743 /* ChartsViewController.swift in Sources */,
				0933E110225E33C300B19B86 /* MedicineViewController.swift in Sources */,
				093B7D142277763500DB4344 /* ChildrenViewController.swift in Sources */,
				09E4B68D22B4208900A3823C /* MarkerChart.swift in Sources */,
				094E48702292EE1A00AC5E10 /* EditDosesViewController.swift in Sources */,
				09B7D4E52284C03B00137544 /* CustomCellVaccine.swift in Sources */,
				09E4B67322B02F8B00A3823C /* FeverChartViewController.swift in Sources */,
				09B7D4FC228C7DCA00137544 /* MedicationTypesViewController.swift in Sources */,
				09E4B69422BC0CC700A3823C /* MedicationDoseType.swift in Sources */,
				09F972FF22841F2E008FE28C /* VaccineDose.swift in Sources */,
				0947AA2822903A7D00FB9303 /* MedicationDoseCalculated.swift in Sources */,
				09446841229EF74800429743 /* CustomCellHistorySleep.swift in Sources */,
				09F972FD22841EA8008FE28C /* Vaccine.swift in Sources */,
				09E4B67922B39B6600A3823C /* GrowthChartViewController.swift in Sources */,
				09E27C492265E07F0022EE1B /* CustomCellHome.swift in Sources */,
				09A11BD422946D2000457A94 /* SaveFeverViewController.swift in Sources */,
				0944683B229D1EB700429743 /* ActionViewSleep.swift in Sources */,
				094D8E6522972D6F00301698 /* DateCustom.swift in Sources */,
			);
			runOnlyForDeploymentPostprocessing = 0;
		};
/* End PBXSourcesBuildPhase section */

/* Begin XCBuildConfiguration section */
		09B1EEA822575194006DF813 /* Debug */ = {
			isa = XCBuildConfiguration;
			buildSettings = {
				ALWAYS_SEARCH_USER_PATHS = NO;
				CLANG_ANALYZER_NONNULL = YES;
				CLANG_ANALYZER_NUMBER_OBJECT_CONVERSION = YES_AGGRESSIVE;
				CLANG_CXX_LANGUAGE_STANDARD = "gnu++14";
				CLANG_CXX_LIBRARY = "libc++";
				CLANG_ENABLE_MODULES = YES;
				CLANG_ENABLE_OBJC_ARC = YES;
				CLANG_ENABLE_OBJC_WEAK = YES;
				CLANG_WARN_BLOCK_CAPTURE_AUTORELEASING = YES;
				CLANG_WARN_BOOL_CONVERSION = YES;
				CLANG_WARN_COMMA = YES;
				CLANG_WARN_CONSTANT_CONVERSION = YES;
				CLANG_WARN_DEPRECATED_OBJC_IMPLEMENTATIONS = YES;
				CLANG_WARN_DIRECT_OBJC_ISA_USAGE = YES_ERROR;
				CLANG_WARN_DOCUMENTATION_COMMENTS = YES;
				CLANG_WARN_EMPTY_BODY = YES;
				CLANG_WARN_ENUM_CONVERSION = YES;
				CLANG_WARN_INFINITE_RECURSION = YES;
				CLANG_WARN_INT_CONVERSION = YES;
				CLANG_WARN_NON_LITERAL_NULL_CONVERSION = YES;
				CLANG_WARN_OBJC_IMPLICIT_RETAIN_SELF = YES;
				CLANG_WARN_OBJC_LITERAL_CONVERSION = YES;
				CLANG_WARN_OBJC_ROOT_CLASS = YES_ERROR;
				CLANG_WARN_RANGE_LOOP_ANALYSIS = YES;
				CLANG_WARN_STRICT_PROTOTYPES = YES;
				CLANG_WARN_SUSPICIOUS_MOVE = YES;
				CLANG_WARN_UNGUARDED_AVAILABILITY = YES_AGGRESSIVE;
				CLANG_WARN_UNREACHABLE_CODE = YES;
				CLANG_WARN__DUPLICATE_METHOD_MATCH = YES;
				CODE_SIGN_IDENTITY = "iPhone Developer";
				COPY_PHASE_STRIP = NO;
				DEBUG_INFORMATION_FORMAT = dwarf;
				ENABLE_STRICT_OBJC_MSGSEND = YES;
				ENABLE_TESTABILITY = YES;
				GCC_C_LANGUAGE_STANDARD = gnu11;
				GCC_DYNAMIC_NO_PIC = NO;
				GCC_NO_COMMON_BLOCKS = YES;
				GCC_OPTIMIZATION_LEVEL = 0;
				GCC_PREPROCESSOR_DEFINITIONS = (
					"DEBUG=1",
					"$(inherited)",
				);
				GCC_WARN_64_TO_32_BIT_CONVERSION = YES;
				GCC_WARN_ABOUT_RETURN_TYPE = YES_ERROR;
				GCC_WARN_UNDECLARED_SELECTOR = YES;
				GCC_WARN_UNINITIALIZED_AUTOS = YES_AGGRESSIVE;
				GCC_WARN_UNUSED_FUNCTION = YES;
				GCC_WARN_UNUSED_VARIABLE = YES;
				IPHONEOS_DEPLOYMENT_TARGET = 12.2;
				MTL_ENABLE_DEBUG_INFO = INCLUDE_SOURCE;
				MTL_FAST_MATH = YES;
				ONLY_ACTIVE_ARCH = YES;
				SDKROOT = iphoneos;
				SWIFT_ACTIVE_COMPILATION_CONDITIONS = DEBUG;
				SWIFT_OPTIMIZATION_LEVEL = "-Onone";
				SWIFT_VERSION = 5.0;
			};
			name = Debug;
		};
		09B1EEA922575194006DF813 /* Release */ = {
			isa = XCBuildConfiguration;
			buildSettings = {
				ALWAYS_SEARCH_USER_PATHS = NO;
				CLANG_ANALYZER_NONNULL = YES;
				CLANG_ANALYZER_NUMBER_OBJECT_CONVERSION = YES_AGGRESSIVE;
				CLANG_CXX_LANGUAGE_STANDARD = "gnu++14";
				CLANG_CXX_LIBRARY = "libc++";
				CLANG_ENABLE_MODULES = YES;
				CLANG_ENABLE_OBJC_ARC = YES;
				CLANG_ENABLE_OBJC_WEAK = YES;
				CLANG_WARN_BLOCK_CAPTURE_AUTORELEASING = YES;
				CLANG_WARN_BOOL_CONVERSION = YES;
				CLANG_WARN_COMMA = YES;
				CLANG_WARN_CONSTANT_CONVERSION = YES;
				CLANG_WARN_DEPRECATED_OBJC_IMPLEMENTATIONS = YES;
				CLANG_WARN_DIRECT_OBJC_ISA_USAGE = YES_ERROR;
				CLANG_WARN_DOCUMENTATION_COMMENTS = YES;
				CLANG_WARN_EMPTY_BODY = YES;
				CLANG_WARN_ENUM_CONVERSION = YES;
				CLANG_WARN_INFINITE_RECURSION = YES;
				CLANG_WARN_INT_CONVERSION = YES;
				CLANG_WARN_NON_LITERAL_NULL_CONVERSION = YES;
				CLANG_WARN_OBJC_IMPLICIT_RETAIN_SELF = YES;
				CLANG_WARN_OBJC_LITERAL_CONVERSION = YES;
				CLANG_WARN_OBJC_ROOT_CLASS = YES_ERROR;
				CLANG_WARN_RANGE_LOOP_ANALYSIS = YES;
				CLANG_WARN_STRICT_PROTOTYPES = YES;
				CLANG_WARN_SUSPICIOUS_MOVE = YES;
				CLANG_WARN_UNGUARDED_AVAILABILITY = YES_AGGRESSIVE;
				CLANG_WARN_UNREACHABLE_CODE = YES;
				CLANG_WARN__DUPLICATE_METHOD_MATCH = YES;
				CODE_SIGN_IDENTITY = "iPhone Developer";
				COPY_PHASE_STRIP = NO;
				DEBUG_INFORMATION_FORMAT = "dwarf-with-dsym";
				ENABLE_NS_ASSERTIONS = NO;
				ENABLE_STRICT_OBJC_MSGSEND = YES;
				GCC_C_LANGUAGE_STANDARD = gnu11;
				GCC_NO_COMMON_BLOCKS = YES;
				GCC_WARN_64_TO_32_BIT_CONVERSION = YES;
				GCC_WARN_ABOUT_RETURN_TYPE = YES_ERROR;
				GCC_WARN_UNDECLARED_SELECTOR = YES;
				GCC_WARN_UNINITIALIZED_AUTOS = YES_AGGRESSIVE;
				GCC_WARN_UNUSED_FUNCTION = YES;
				GCC_WARN_UNUSED_VARIABLE = YES;
				IPHONEOS_DEPLOYMENT_TARGET = 12.2;
				MTL_ENABLE_DEBUG_INFO = NO;
				MTL_FAST_MATH = YES;
				ONLY_ACTIVE_ARCH = YES;
				SDKROOT = iphoneos;
				SWIFT_COMPILATION_MODE = wholemodule;
				SWIFT_OPTIMIZATION_LEVEL = "-O";
				SWIFT_VERSION = 5.0;
				VALIDATE_PRODUCT = YES;
			};
			name = Release;
		};
		09B1EEAB22575194006DF813 /* Debug */ = {
			isa = XCBuildConfiguration;
			baseConfigurationReference = E313CEB4928D799FAFE1D805 /* Pods-ChildCare.debug.xcconfig */;
			buildSettings = {
				ASSETCATALOG_COMPILER_APPICON_NAME = AppIcon;
				CODE_SIGN_STYLE = Automatic;
				DEVELOPMENT_TEAM = 4QM99W37M3;
				INFOPLIST_FILE = "$(SRCROOT)/ChildCare/Supporting Files/Info.plist";
				LD_RUNPATH_SEARCH_PATHS = (
					"$(inherited)",
					"@executable_path/Frameworks",
				);
				PRODUCT_BUNDLE_IDENTIFIER = com.luchiparejo.ChildCare;
				PRODUCT_NAME = "$(TARGET_NAME)";
				SWIFT_VERSION = 5.0;
				TARGETED_DEVICE_FAMILY = 1;
			};
			name = Debug;
		};
		09B1EEAC22575194006DF813 /* Release */ = {
			isa = XCBuildConfiguration;
			baseConfigurationReference = EEE65746799CD6129025012D /* Pods-ChildCare.release.xcconfig */;
			buildSettings = {
				ASSETCATALOG_COMPILER_APPICON_NAME = AppIcon;
				CODE_SIGN_STYLE = Automatic;
				DEVELOPMENT_TEAM = 4QM99W37M3;
				INFOPLIST_FILE = "$(SRCROOT)/ChildCare/Supporting Files/Info.plist";
				LD_RUNPATH_SEARCH_PATHS = (
					"$(inherited)",
					"@executable_path/Frameworks",
				);
				PRODUCT_BUNDLE_IDENTIFIER = com.luchiparejo.ChildCare;
				PRODUCT_NAME = "$(TARGET_NAME)";
				SWIFT_VERSION = 5.0;
				TARGETED_DEVICE_FAMILY = 1;
			};
			name = Release;
		};
/* End XCBuildConfiguration section */

/* Begin XCConfigurationList section */
		09B1EE9122575191006DF813 /* Build configuration list for PBXProject "ChildCare" */ = {
			isa = XCConfigurationList;
			buildConfigurations = (
				09B1EEA822575194006DF813 /* Debug */,
				09B1EEA922575194006DF813 /* Release */,
			);
			defaultConfigurationIsVisible = 0;
			defaultConfigurationName = Release;
		};
		09B1EEAA22575194006DF813 /* Build configuration list for PBXNativeTarget "ChildCare" */ = {
			isa = XCConfigurationList;
			buildConfigurations = (
				09B1EEAB22575194006DF813 /* Debug */,
				09B1EEAC22575194006DF813 /* Release */,
			);
			defaultConfigurationIsVisible = 0;
			defaultConfigurationName = Release;
		};
/* End XCConfigurationList section */
	};
	rootObject = 09B1EE8E22575191006DF813 /* Project object */;
}
